
Microsoft Visual Studio Solution File, Format Version 11.00
# Visual Studio 2010
Project("{FAE04EC0-301F-11D3-BF4B-00C04F79EFBC}") = "Assembly-CSharp", "Assembly-CSharp.csproj", "{6032C8D9-DEAD-4455-2126-BF06C7809291}"
EndProject
Project("{FAE04EC0-301F-11D3-BF4B-00C04F79EFBC}") = "Assembly-CSharp-Editor", "Assembly-CSharp-Editor.csproj", "{51F9C22B-527B-3BAC-D7A4-84FF2CE27F47}"
EndProject
Global
	GlobalSection(SolutionConfigurationPlatforms) = preSolution
		Debug|Any CPU = Debug|Any CPU
		Release|Any CPU = Release|Any CPU
	EndGlobalSection
	GlobalSection(ProjectConfigurationPlatforms) = postSolution
		{6032C8D9-DEAD-4455-2126-BF06C7809291}.Debug|Any CPU.ActiveCfg = Debug|Any CPU
		{6032C8D9-DEAD-4455-2126-BF06C7809291}.Debug|Any CPU.Build.0 = Debug|Any CPU
		{6032C8D9-DEAD-4455-2126-BF06C7809291}.Release|Any CPU.ActiveCfg = Release|Any CPU
		{6032C8D9-DEAD-4455-2126-BF06C7809291}.Release|Any CPU.Build.0 = Release|Any CPU
		{51F9C22B-527B-3BAC-D7A4-84FF2CE27F47}.Debug|Any CPU.ActiveCfg = Debug|Any CPU
		{51F9C22B-527B-3BAC-D7A4-84FF2CE27F47}.Debug|Any CPU.Build.0 = Debug|Any CPU
		{51F9C22B-527B-3BAC-D7A4-84FF2CE27F47}.Release|Any CPU.ActiveCfg = Release|Any CPU
		{51F9C22B-527B-3BAC-D7A4-84FF2CE27F47}.Release|Any CPU.Build.0 = Release|Any CPU
	EndGlobalSection
	GlobalSection(SolutionProperties) = preSolution
		HideSolutionNode = FALSE
	EndGlobalSection
	GlobalSection(MonoDevelopProperties) = preSolution
		StartupItem = Assembly-CSharp.csproj
	EndGlobalSection
EndGlobal
